
Microsoft Visual Studio Solution File, Format Version 12.00
# Visual Studio Version 16
VisualStudioVersion = 16.0.32228.343
MinimumVisualStudioVersion = 10.0.40219.1
Project("{13B669BE-BB05-4DDF-9536-439F39A36129}") = "MouvementSocial", "MouvementSocial.phpproj", "{909E745A-FBBD-4721-9B94-12FF31B43C20}"
EndProject
Global
	GlobalSection(SolutionConfigurationPlatforms) = preSolution
		Debug|Any CPU = Debug|Any CPU
		Release|Any CPU = Release|Any CPU
	EndGlobalSection
	GlobalSection(ProjectConfigurationPlatforms) = postSolution
		{909E745A-FBBD-4721-9B94-12FF31B43C20}.Debug|Any CPU.ActiveCfg = Debug|Any CPU
		{909E745A-FBBD-4721-9B94-12FF31B43C20}.Debug|Any CPU.Build.0 = Debug|Any CPU
		{909E745A-FBBD-4721-9B94-12FF31B43C20}.Release|Any CPU.ActiveCfg = Release|Any CPU
		{909E745A-FBBD-4721-9B94-12FF31B43C20}.Release|Any CPU.Build.0 = Release|Any CPU
	EndGlobalSection
	GlobalSection(SolutionProperties) = preSolution
		HideSolutionNode = FALSE
	EndGlobalSection
	GlobalSection(ExtensibilityGlobals) = postSolution
		SolutionGuid = {8C353962-6F5A-4E0C-9FEB-DE29D4609094}
	EndGlobalSection
EndGlobal
